// !$*UTF8*$!
{
	archiveVersion = 1;
	classes = {
	};
	objectVersion = 46;
	objects = {

/* Begin PBXBuildFile section */
		447A3FE11BFB303B00FE2AB4 /* main.m in Sources */ = {isa = PBXBuildFile; fileRef = 447A3FE01BFB303B00FE2AB4 /* main.m */; };
		447A3FE41BFB303B00FE2AB4 /* AppDelegate.m in Sources */ = {isa = PBXBuildFile; fileRef = 447A3FE31BFB303B00FE2AB4 /* AppDelegate.m */; };
		447A3FE71BFB303B00FE2AB4 /* KeyBoardTest.xcdatamodeld in Sources */ = {isa = PBXBuildFile; fileRef = 447A3FE51BFB303B00FE2AB4 /* KeyBoardTest.xcdatamodeld */; };
		447A3FEA1BFB303B00FE2AB4 /* ViewController.m in Sources */ = {isa = PBXBuildFile; fileRef = 447A3FE91BFB303B00FE2AB4 /* ViewController.m */; };
		447A3FED1BFB303B00FE2AB4 /* Main.storyboard in Resources */ = {isa = PBXBuildFile; fileRef = 447A3FEB1BFB303B00FE2AB4 /* Main.storyboard */; };
		447A3FEF1BFB303B00FE2AB4 /* Images.xcassets in Resources */ = {isa = PBXBuildFile; fileRef = 447A3FEE1BFB303B00FE2AB4 /* Images.xcassets */; };
		447A3FF21BFB303B00FE2AB4 /* LaunchScreen.xib in Resources */ = {isa = PBXBuildFile; fileRef = 447A3FF01BFB303B00FE2AB4 /* LaunchScreen.xib */; };
		447A3FFE1BFB303B00FE2AB4 /* KeyBoardTestTests.m in Sources */ = {isa = PBXBuildFile; fileRef = 447A3FFD1BFB303B00FE2AB4 /* KeyBoardTestTests.m */; };
		447A400E1BFB328700FE2AB4 /* XKeyBoard.m in Sources */ = {isa = PBXBuildFile; fileRef = 447A400D1BFB328700FE2AB4 /* XKeyBoard.m */; };
/* End PBXBuildFile section */

/* Begin PBXContainerItemProxy section */
		447A3FF81BFB303B00FE2AB4 /* PBXContainerItemProxy */ = {
			isa = PBXContainerItemProxy;
			containerPortal = 447A3FD31BFB303B00FE2AB4 /* Project object */;
			proxyType = 1;
			remoteGlobalIDString = 447A3FDA1BFB303B00FE2AB4;
			remoteInfo = KeyBoardTest;
		};
/* End PBXContainerItemProxy section */

/* Begin PBXFileReference section */
		447A3FDB1BFB303B00FE2AB4 /* KeyBoardTest.app */ = {isa = PBXFileReference; explicitFileType = wrapper.application; includeInIndex = 0; path = KeyBoardTest.app; sourceTree = BUILT_PRODUCTS_DIR; };
		447A3FDF1BFB303B00FE2AB4 /* Info.plist */ = {isa = PBXFileReference; lastKnownFileType = text.plist.xml; path = Info.plist; sourceTree = "<group>"; };
		447A3FE01BFB303B00FE2AB4 /* main.m */ = {isa = PBXFileReference; lastKnownFileType = sourcecode.c.objc; path = main.m; sourceTree = "<group>"; };
		447A3FE21BFB303B00FE2AB4 /* AppDelegate.h */ = {isa = PBXFileReference; lastKnownFileType = sourcecode.c.h; path = AppDelegate.h; sourceTree = "<group>"; };
		447A3FE31BFB303B00FE2AB4 /* AppDelegate.m */ = {isa = PBXFileReference; lastKnownFileType = sourcecode.c.objc; path = AppDelegate.m; sourceTree = "<group>"; };
		447A3FE61BFB303B00FE2AB4 /* KeyBoardTest.xcdatamodel */ = {isa = PBXFileReference; lastKnownFileType = wrapper.xcdatamodel; path = KeyBoardTest.xcdatamodel; sourceTree = "<group>"; };
		447A3FE81BFB303B00FE2AB4 /* ViewController.h */ = {isa = PBXFileReference; lastKnownFileType = sourcecode.c.h; path = ViewController.h; sourceTree = "<group>"; };
		447A3FE91BFB303B00FE2AB4 /* ViewController.m */ = {isa = PBXFileReference; lastKnownFileType = sourcecode.c.objc; path = ViewController.m; sourceTree = "<group>"; };
		447A3FEC1BFB303B00FE2AB4 /* Base */ = {isa = PBXFileReference; lastKnownFileType = file.storyboard; name = Base; path = Base.lproj/Main.storyboard; sourceTree = "<group>"; };
		447A3FEE1BFB303B00FE2AB4 /* Images.xcassets */ = {isa = PBXFileReference; lastKnownFileType = folder.assetcatalog; path = Images.xcassets; sourceTree = "<group>"; };
		447A3FF11BFB303B00FE2AB4 /* Base */ = {isa = PBXFileReference; lastKnownFileType = file.xib; name = Base; path = Base.lproj/LaunchScreen.xib; sourceTree = "<group>"; };
		447A3FF71BFB303B00FE2AB4 /* KeyBoardTestTests.xctest */ = {isa = PBXFileReference; explicitFileType = wrapper.cfbundle; includeInIndex = 0; path = KeyBoardTestTests.xctest; sourceTree = BUILT_PRODUCTS_DIR; };
		447A3FFC1BFB303B00FE2AB4 /* Info.plist */ = {isa = PBXFileReference; lastKnownFileType = text.plist.xml; path = Info.plist; sourceTree = "<group>"; };
		447A3FFD1BFB303B00FE2AB4 /* KeyBoardTestTests.m */ = {isa = PBXFileReference; lastKnownFileType = sourcecode.c.objc; path = KeyBoardTestTests.m; sourceTree = "<group>"; };
		447A400C1BFB328700FE2AB4 /* XKeyBoard.h */ = {isa = PBXFileReference; fileEncoding = 4; lastKnownFileType = sourcecode.c.h; path = XKeyBoard.h; sourceTree = "<group>"; };
		447A400D1BFB328700FE2AB4 /* XKeyBoard.m */ = {isa = PBXFileReference; fileEncoding = 4; lastKnownFileType = sourcecode.c.objc; path = XKeyBoard.m; sourceTree = "<group>"; };
/* End PBXFileReference section */

/* Begin PBXFrameworksBuildPhase section */
		447A3FD81BFB303B00FE2AB4 /* Frameworks */ = {
			isa = PBXFrameworksBuildPhase;
			buildActionMask = 2147483647;
			files = (
			);
			runOnlyForDeploymentPostprocessing = 0;
		};
		447A3FF41BFB303B00FE2AB4 /* Frameworks */ = {
			isa = PBXFrameworksBuildPhase;
			buildActionMask = 2147483647;
			files = (
			);
			runOnlyForDeploymentPostprocessing = 0;
		};
/* End PBXFrameworksBuildPhase section */

/* Begin PBXGroup section */
		447A3FD21BFB303B00FE2AB4 = {
			isa = PBXGroup;
			children = (
				447A400B1BFB328700FE2AB4 /* KeyBoard */,
				447A3FDD1BFB303B00FE2AB4 /* KeyBoardTest */,
				447A3FFA1BFB303B00FE2AB4 /* KeyBoardTestTests */,
				447A3FDC1BFB303B00FE2AB4 /* Products */,
			);
			sourceTree = "<group>";
		};
		447A3FDC1BFB303B00FE2AB4 /* Products */ = {
			isa = PBXGroup;
			children = (
				447A3FDB1BFB303B00FE2AB4 /* KeyBoardTest.app */,
				447A3FF71BFB303B00FE2AB4 /* KeyBoardTestTests.xctest */,
			);
			name = Products;
			sourceTree = "<group>";
		};
		447A3FDD1BFB303B00FE2AB4 /* KeyBoardTest */ = {
			isa = PBXGroup;
			children = (
				447A3FE21BFB303B00FE2AB4 /* AppDelegate.h */,
				447A3FE31BFB303B00FE2AB4 /* AppDelegate.m */,
				447A3FE81BFB303B00FE2AB4 /* ViewController.h */,
				447A3FE91BFB303B00FE2AB4 /* ViewController.m */,
				447A3FEB1BFB303B00FE2AB4 /* Main.storyboard */,
				447A3FEE1BFB303B00FE2AB4 /* Images.xcassets */,
				447A3FF01BFB303B00FE2AB4 /* LaunchScreen.xib */,
				447A3FE51BFB303B00FE2AB4 /* KeyBoardTest.xcdatamodeld */,
				447A3FDE1BFB303B00FE2AB4 /* Supporting Files */,
			);
			path = KeyBoardTest;
			sourceTree = "<group>";
		};
		447A3FDE1BFB303B00FE2AB4 /* Supporting Files */ = {
			isa = PBXGroup;
			children = (
				447A3FDF1BFB303B00FE2AB4 /* Info.plist */,
				447A3FE01BFB303B00FE2AB4 /* main.m */,
			);
			name = "Supporting Files";
			sourceTree = "<group>";
		};
		447A3FFA1BFB303B00FE2AB4 /* KeyBoardTestTests */ = {
			isa = PBXGroup;
			children = (
				447A3FFD1BFB303B00FE2AB4 /* KeyBoardTestTests.m */,
				447A3FFB1BFB303B00FE2AB4 /* Supporting Files */,
			);
			path = KeyBoardTestTests;
			sourceTree = "<group>";
		};
		447A3FFB1BFB303B00FE2AB4 /* Supporting Files */ = {
			isa = PBXGroup;
			children = (
				447A3FFC1BFB303B00FE2AB4 /* Info.plist */,
			);
			name = "Supporting Files";
			sourceTree = "<group>";
		};
		447A400B1BFB328700FE2AB4 /* KeyBoard */ = {
			isa = PBXGroup;
			children = (
				447A400C1BFB328700FE2AB4 /* XKeyBoard.h */,
				447A400D1BFB328700FE2AB4 /* XKeyBoard.m */,
			);
			path = KeyBoard;
			sourceTree = "<group>";
		};
/* End PBXGroup section */

/* Begin PBXNativeTarget section */
		447A3FDA1BFB303B00FE2AB4 /* KeyBoardTest */ = {
			isa = PBXNativeTarget;
			buildConfigurationList = 447A40011BFB303B00FE2AB4 /* Build configuration list for PBXNativeTarget "KeyBoardTest" */;
			buildPhases = (
				447A3FD71BFB303B00FE2AB4 /* Sources */,
				447A3FD81BFB303B00FE2AB4 /* Frameworks */,
				447A3FD91BFB303B00FE2AB4 /* Resources */,
			);
			buildRules = (
			);
			dependencies = (
			);
			name = KeyBoardTest;
			productName = KeyBoardTest;
			productReference = 447A3FDB1BFB303B00FE2AB4 /* KeyBoardTest.app */;
			productType = "com.apple.product-type.application";
		};
		447A3FF61BFB303B00FE2AB4 /* KeyBoardTestTests */ = {
			isa = PBXNativeTarget;
			buildConfigurationList = 447A40041BFB303B00FE2AB4 /* Build configuration list for PBXNativeTarget "KeyBoardTestTests" */;
			buildPhases = (
				447A3FF31BFB303B00FE2AB4 /* Sources */,
				447A3FF41BFB303B00FE2AB4 /* Frameworks */,
				447A3FF51BFB303B00FE2AB4 /* Resources */,
			);
			buildRules = (
			);
			dependencies = (
				447A3FF91BFB303B00FE2AB4 /* PBXTargetDependency */,
			);
			name = KeyBoardTestTests;
			productName = KeyBoardTestTests;
			productReference = 447A3FF71BFB303B00FE2AB4 /* KeyBoardTestTests.xctest */;
			productType = "com.apple.product-type.bundle.unit-test";
		};
/* End PBXNativeTarget section */

/* Begin PBXProject section */
		447A3FD31BFB303B00FE2AB4 /* Project object */ = {
			isa = PBXProject;
			attributes = {
				LastUpgradeCheck = 0640;
				ORGANIZATIONNAME = single;
				TargetAttributes = {
					447A3FDA1BFB303B00FE2AB4 = {
						CreatedOnToolsVersion = 6.4;
					};
					447A3FF61BFB303B00FE2AB4 = {
						CreatedOnToolsVersion = 6.4;
						TestTargetID = 447A3FDA1BFB303B00FE2AB4;
					};
				};
			};
			buildConfigurationList = 447A3FD61BFB303B00FE2AB4 /* Build configuration list for PBXProject "KeyBoardTest" */;
			compatibilityVersion = "Xcode 3.2";
			developmentRegion = English;
			hasScannedForEncodings = 0;
			knownRegions = (
				en,
				Base,
			);
			mainGroup = 447A3FD21BFB303B00FE2AB4;
			productRefGroup = 447A3FDC1BFB303B00FE2AB4 /* Products */;
			projectDirPath = "";
			projectRoot = "";
			targets = (
				447A3FDA1BFB303B00FE2AB4 /* KeyBoardTest */,
				447A3FF61BFB303B00FE2AB4 /* KeyBoardTestTests */,
			);
		};
/* End PBXProject section */

/* Begin PBXResourcesBuildPhase section */
		447A3FD91BFB303B00FE2AB4 /* Resources */ = {
			isa = PBXResourcesBuildPhase;
			buildActionMask = 2147483647;
			files = (
				447A3FED1BFB303B00FE2AB4 /* Main.storyboard in Resources */,
				447A3FF21BFB303B00FE2AB4 /* LaunchScreen.xib in Resources */,
				447A3FEF1BFB303B00FE2AB4 /* Images.xcassets in Resources */,
			);
			runOnlyForDeploymentPostprocessing = 0;
		};
		447A3FF51BFB303B00FE2AB4 /* Resources */ = {
			isa = PBXResourcesBuildPhase;
			buildActionMask = 2147483647;
			files = (
			);
			runOnlyForDeploymentPostprocessing = 0;
		};
/* End PBXResourcesBuildPhase section */

/* Begin PBXSourcesBuildPhase section */
		447A3FD71BFB303B00FE2AB4 /* Sources */ = {
			isa = PBXSourcesBuildPhase;
			buildActionMask = 2147483647;
			files = (
				447A400E1BFB328700FE2AB4 /* XKeyBoard.m in Sources */,
				447A3FE71BFB303B00FE2AB4 /* KeyBoardTest.xcdatamodeld in Sources */,
				447A3FE41BFB303B00FE2AB4 /* AppDelegate.m in Sources */,
				447A3FEA1BFB303B00FE2AB4 /* ViewController.m in Sources */,
				447A3FE11BFB303B00FE2AB4 /* main.m in Sources */,
			);
			runOnlyForDeploymentPostprocessing = 0;
		};
		447A3FF31BFB303B00FE2AB4 /* Sources */ = {
			isa = PBXSourcesBuildPhase;
			buildActionMask = 2147483647;
			files = (
				447A3FFE1BFB303B00FE2AB4 /* KeyBoardTestTests.m in Sources */,
			);
			runOnlyForDeploymentPostprocessing = 0;
		};
/* End PBXSourcesBuildPhase section */

/* Begin PBXTargetDependency section */
		447A3FF91BFB303B00FE2AB4 /* PBXTargetDependency */ = {
			isa = PBXTargetDependency;
			target = 447A3FDA1BFB303B00FE2AB4 /* KeyBoardTest */;
			targetProxy = 447A3FF81BFB303B00FE2AB4 /* PBXContainerItemProxy */;
		};
/* End PBXTargetDependency section */

/* Begin PBXVariantGroup section */
		447A3FEB1BFB303B00FE2AB4 /* Main.storyboard */ = {
			isa = PBXVariantGroup;
			children = (
				447A3FEC1BFB303B00FE2AB4 /* Base */,
			);
			name = Main.storyboard;
			sourceTree = "<group>";
		};
		447A3FF01BFB303B00FE2AB4 /* LaunchScreen.xib */ = {
			isa = PBXVariantGroup;
			children = (
				447A3FF11BFB303B00FE2AB4 /* Base */,
			);
			name = LaunchScreen.xib;
			sourceTree = "<group>";
		};
/* End PBXVariantGroup section */

/* Begin XCBuildConfiguration section */
		447A3FFF1BFB303B00FE2AB4 /* Debug */ = {
			isa = XCBuildConfiguration;
			buildSettings = {
				ALWAYS_SEARCH_USER_PATHS = NO;
				CLANG_CXX_LANGUAGE_STANDARD = "gnu++0x";
				CLANG_CXX_LIBRARY = "libc++";
				CLANG_ENABLE_MODULES = YES;
				CLANG_ENABLE_OBJC_ARC = YES;
				CLANG_WARN_BOOL_CONVERSION = YES;
				CLANG_WARN_CONSTANT_CONVERSION = YES;
				CLANG_WARN_DIRECT_OBJC_ISA_USAGE = YES_ERROR;
				CLANG_WARN_EMPTY_BODY = YES;
				CLANG_WARN_ENUM_CONVERSION = YES;
				CLANG_WARN_INT_CONVERSION = YES;
				CLANG_WARN_OBJC_ROOT_CLASS = YES_ERROR;
				CLANG_WARN_UNREACHABLE_CODE = YES;
				CLANG_WARN__DUPLICATE_METHOD_MATCH = YES;
				"CODE_SIGN_IDENTITY[sdk=iphoneos*]" = "iPhone Developer";
				COPY_PHASE_STRIP = NO;
				DEBUG_INFORMATION_FORMAT = "dwarf-with-dsym";
				ENABLE_STRICT_OBJC_MSGSEND = YES;
				GCC_C_LANGUAGE_STANDARD = gnu99;
				GCC_DYNAMIC_NO_PIC = NO;
				GCC_NO_COMMON_BLOCKS = YES;
				GCC_OPTIMIZATION_LEVEL = 0;
				GCC_PREPROCESSOR_DEFINITIONS = (
					"DEBUG=1",
					"$(inherited)",
				);
				GCC_SYMBOLS_PRIVATE_EXTERN = NO;
				GCC_WARN_64_TO_32_BIT_CONVERSION = YES;
				GCC_WARN_ABOUT_RETURN_TYPE = YES_ERROR;
				GCC_WARN_UNDECLARED_SELECTOR = YES;
				GCC_WARN_UNINITIALIZED_AUTOS = YES_AGGRESSIVE;
				GCC_WARN_UNUSED_FUNCTION = YES;
				GCC_WARN_UNUSED_VARIABLE = YES;
				IPHONEOS_DEPLOYMENT_TARGET = 8.4;
				MTL_ENABLE_DEBUG_INFO = YES;
				ONLY_ACTIVE_ARCH = YES;
				SDKROOT = iphoneos;
			};
			name = Debug;
		};
		447A40001BFB303B00FE2AB4 /* Release */ = {
			isa = XCBuildConfiguration;
			buildSettings = {
				ALWAYS_SEARCH_USER_PATHS = NO;
				CLANG_CXX_LANGUAGE_STANDARD = "gnu++0x";
				CLANG_CXX_LIBRARY = "libc++";
				CLANG_ENABLE_MODULES = YES;
				CLANG_ENABLE_OBJC_ARC = YES;
				CLANG_WARN_BOOL_CONVERSION = YES;
				CLANG_WARN_CONSTANT_CONVERSION = YES;
				CLANG_WARN_DIRECT_OBJC_ISA_USAGE = YES_ERROR;
				CLANG_WARN_EMPTY_BODY = YES;
				CLANG_WARN_ENUM_CONVERSION = YES;
				CLANG_WARN_INT_CONVERSION = YES;
				CLANG_WARN_OBJC_ROOT_CLASS = YES_ERROR;
				CLANG_WARN_UNREACHABLE_CODE = YES;
				CLANG_WARN__DUPLICATE_METHOD_MATCH = YES;
				"CODE_SIGN_IDENTITY[sdk=iphoneos*]" = "iPhone Developer";
				COPY_PHASE_STRIP = NO;
				DEBUG_INFORMATION_FORMAT = "dwarf-with-dsym";
				ENABLE_NS_ASSERTIONS = NO;
				ENABLE_STRICT_OBJC_MSGSEND = YES;
				GCC_C_LANGUAGE_STANDARD = gnu99;
				GCC_NO_COMMON_BLOCKS = YES;
				GCC_WARN_64_TO_32_BIT_CONVERSION = YES;
				GCC_WARN_ABOUT_RETURN_TYPE = YES_ERROR;
				GCC_WARN_UNDECLARED_SELECTOR = YES;
				GCC_WARN_UNINITIALIZED_AUTOS = YES_AGGRESSIVE;
				GCC_WARN_UNUSED_FUNCTION = YES;
				GCC_WARN_UNUSED_VARIABLE = YES;
				IPHONEOS_DEPLOYMENT_TARGET = 8.4;
				MTL_ENABLE_DEBUG_INFO = NO;
				SDKROOT = iphoneos;
				VALIDATE_PRODUCT = YES;
			};
			name = Release;
		};
		447A40021BFB303B00FE2AB4 /* Debug */ = {
			isa = XCBuildConfiguration;
			buildSettings = {
				ASSETCATALOG_COMPILER_APPICON_NAME = AppIcon;
				INFOPLIST_FILE = KeyBoardTest/Info.plist;
				LD_RUNPATH_SEARCH_PATHS = "$(inherited) @executable_path/Frameworks";
				PRODUCT_NAME = "$(TARGET_NAME)";
			};
			name = Debug;
		};
		447A40031BFB303B00FE2AB4 /* Release */ = {
			isa = XCBuildConfiguration;
			buildSettings = {
				ASSETCATALOG_COMPILER_APPICON_NAME = AppIcon;
				INFOPLIST_FILE = KeyBoardTest/Info.plist;
				LD_RUNPATH_SEARCH_PATHS = "$(inherited) @executable_path/Frameworks";
				PRODUCT_NAME = "$(TARGET_NAME)";
			};
			name = Release;
		};
		447A40051BFB303B00FE2AB4 /* Debug */ = {
			isa = XCBuildConfiguration;
			buildSettings = {
				BUNDLE_LOADER = "$(TEST_HOST)";
				FRAMEWORK_SEARCH_PATHS = (
					"$(SDKROOT)/Developer/Library/Frameworks",
					"$(inherited)",
				);
				GCC_PREPROCESSOR_DEFINITIONS = (
					"DEBUG=1",
					"$(inherited)",
				);
				INFOPLIST_FILE = KeyBoardTestTests/Info.plist;
				LD_RUNPATH_SEARCH_PATHS = "$(inherited) @executable_path/Frameworks @loader_path/Frameworks";
				PRODUCT_NAME = "$(TARGET_NAME)";
				TEST_HOST = "$(BUILT_PRODUCTS_DIR)/KeyBoardTest.app/KeyBoardTest";
			};
			name = Debug;
		};
		447A40061BFB303B00FE2AB4 /* Release */ = {
			isa = XCBuildConfiguration;
			buildSettings = {
				BUNDLE_LOADER = "$(TEST_HOST)";
				FRAMEWORK_SEARCH_PATHS = (
					"$(SDKROOT)/Developer/Library/Frameworks",
					"$(inherited)",
				);
				INFOPLIST_FILE = KeyBoardTestTests/Info.plist;
				LD_RUNPATH_SEARCH_PATHS = "$(inherited) @executable_path/Frameworks @loader_path/Frameworks";
				PRODUCT_NAME = "$(TARGET_NAME)";
				TEST_HOST = "$(BUILT_PRODUCTS_DIR)/KeyBoardTest.app/KeyBoardTest";
			};
			name = Release;
		};
/* End XCBuildConfiguration section */

/* Begin XCConfigurationList section */
		447A3FD61BFB303B00FE2AB4 /* Build configuration list for PBXProject "KeyBoardTest" */ = {
			isa = XCConfigurationList;
			buildConfigurations = (
				447A3FFF1BFB303B00FE2AB4 /* Debug */,
				447A40001BFB303B00FE2AB4 /* Release */,
			);
			defaultConfigurationIsVisible = 0;
			defaultConfigurationName = Release;
		};
		447A40011BFB303B00FE2AB4 /* Build configuration list for PBXNativeTarget "KeyBoardTest" */ = {
			isa = XCConfigurationList;
			buildConfigurations = (
				447A40021BFB303B00FE2AB4 /* Debug */,
				447A40031BFB303B00FE2AB4 /* Release */,
			);
			defaultConfigurationIsVisible = 0;
			defaultConfigurationName = Release;
		};
		447A40041BFB303B00FE2AB4 /* Build configuration list for PBXNativeTarget "KeyBoardTestTests" */ = {
			isa = XCConfigurationList;
			buildConfigurations = (
				447A40051BFB303B00FE2AB4 /* Debug */,
				447A40061BFB303B00FE2AB4 /* Release */,
			);
			defaultConfigurationIsVisible = 0;
			defaultConfigurationName = Release;
		};
/* End XCConfigurationList section */

/* Begin XCVersionGroup section */
		447A3FE51BFB303B00FE2AB4 /* KeyBoardTest.xcdatamodeld */ = {
			isa = XCVersionGroup;
			children = (
				447A3FE61BFB303B00FE2AB4 /* KeyBoardTest.xcdatamodel */,
			);
			currentVersion = 447A3FE61BFB303B00FE2AB4 /* KeyBoardTest.xcdatamodel */;
			path = KeyBoardTest.xcdatamodeld;
			sourceTree = "<group>";
			versionGroupType = wrapper.xcdatamodel;
		};
/* End XCVersionGroup section */
	};
	rootObject = 447A3FD31BFB303B00FE2AB4 /* Project object */;
}
